
Microsoft Visual Studio Solution File, Format Version 12.00
# Visual Studio Version 16
VisualStudioVersion = 16.0.29201.188
MinimumVisualStudioVersion = 10.0.40219.1
Project("{8BC9CEB8-8B4A-11D0-8D11-00A0C91BC942}") = "laba3c", "laba3c.vcxproj", "{1CB6C123-308B-4528-9B11-0340559A12E0}"
EndProject
Global
	GlobalSection(SolutionConfigurationPlatforms) = preSolution
		Debug|x64 = Debug|x64
		Debug|x86 = Debug|x86
		Release|x64 = Release|x64
		Release|x86 = Release|x86
	EndGlobalSection
	GlobalSection(ProjectConfigurationPlatforms) = postSolution
		{1CB6C123-308B-4528-9B11-0340559A12E0}.Debug|x64.ActiveCfg = Debug|x64
		{1CB6C123-308B-4528-9B11-0340559A12E0}.Debug|x64.Build.0 = Debug|x64
		{1CB6C123-308B-4528-9B11-0340559A12E0}.Debug|x86.ActiveCfg = Debug|Win32
		{1CB6C123-308B-4528-9B11-0340559A12E0}.Debug|x86.Build.0 = Debug|Win32
		{1CB6C123-308B-4528-9B11-0340559A12E0}.Release|x64.ActiveCfg = Release|x64
		{1CB6C123-308B-4528-9B11-0340559A12E0}.Release|x64.Build.0 = Release|x64
		{1CB6C123-308B-4528-9B11-0340559A12E0}.Release|x86.ActiveCfg = Release|Win32
		{1CB6C123-308B-4528-9B11-0340559A12E0}.Release|x86.Build.0 = Release|Win32
	EndGlobalSection
	GlobalSection(SolutionProperties) = preSolution
		HideSolutionNode = FALSE
	EndGlobalSection
	GlobalSection(ExtensibilityGlobals) = postSolution
		SolutionGuid = {ACF50250-6570-4154-9E5A-974A798B9A34}
	EndGlobalSection
EndGlobal
